
Microsoft Visual Studio Solution File, Format Version 12.00
# Visual Studio Version 17
VisualStudioVersion = 17.5.002.0
MinimumVisualStudioVersion = 10.0.40219.1
Project("{9A19103F-16F7-4668-BE54-9A1E7A4F7556}") = "ChatApp", "ChatApp\ChatApp.csproj", "{3C542473-1080-4254-BAB6-BFFB32A2BD47}"
EndProject
Project("{9A19103F-16F7-4668-BE54-9A1E7A4F7556}") = "ChatAppClient", "ChatAppClient\ChatAppClient.csproj", "{03127169-E997-4279-8808-A38532D8C121}"
EndProject
Global
	GlobalSection(SolutionConfigurationPlatforms) = preSolution
		Debug|Any CPU = Debug|Any CPU
		Release|Any CPU = Release|Any CPU
	EndGlobalSection
	GlobalSection(ProjectConfigurationPlatforms) = postSolution
		{3C542473-1080-4254-BAB6-BFFB32A2BD47}.Debug|Any CPU.ActiveCfg = Debug|Any CPU
		{3C542473-1080-4254-BAB6-BFFB32A2BD47}.Debug|Any CPU.Build.0 = Debug|Any CPU
		{3C542473-1080-4254-BAB6-BFFB32A2BD47}.Release|Any CPU.ActiveCfg = Release|Any CPU
		{3C542473-1080-4254-BAB6-BFFB32A2BD47}.Release|Any CPU.Build.0 = Release|Any CPU
		{03127169-E997-4279-8808-A38532D8C121}.Debug|Any CPU.ActiveCfg = Debug|Any CPU
		{03127169-E997-4279-8808-A38532D8C121}.Debug|Any CPU.Build.0 = Debug|Any CPU
		{03127169-E997-4279-8808-A38532D8C121}.Release|Any CPU.ActiveCfg = Release|Any CPU
		{03127169-E997-4279-8808-A38532D8C121}.Release|Any CPU.Build.0 = Release|Any CPU
	EndGlobalSection
	GlobalSection(SolutionProperties) = preSolution
		HideSolutionNode = FALSE
	EndGlobalSection
	GlobalSection(ExtensibilityGlobals) = postSolution
		SolutionGuid = {A8F19A08-CD99-4CF4-957B-1C5BDAFC2D99}
	EndGlobalSection
EndGlobal
